github.com/GeertJohan/go.rice v0.0.0-20181229193832-0af3f3b09a0a h1:QgnJzkfb29JXtLXJN8alxzPWZhiNcAYZOa06dU5O46w=
github.com/GeertJohan/go.rice v0.0.0-20181229193832-0af3f3b09a0a/go.mod h1:DgrzXonpdQbfN3uYaGz1EG4Sbhyum/MMIn6Cphlh2bw=
github.com/JackMordaunt/icns v1.0.0 h1:41cNyWyQrG6beMw7m93LFK5o1GhefflsBTkauUkUtG8=
github.com/JackMordaunt/icns v1.0.0/go.mod h1:ubRqphS0f2OD07BuNaQSuw9uHUVQNBX5g38n6i2bdqM=
github.com/daaku/go.zipexe v0.0.0-20150329023125-a5fe2436ffcb h1:tUf55Po0vzOendQ7NWytcdK0VuzQmfAgvGBUOQvN0WA=
github.com/daaku/go.zipexe v0.0.0-20150329023125-a5fe2436ffcb/go.mod h1:U0vRfAucUOohvdCxt5MWLF+TePIL0xbCkbKIiV8TQCE=
github.com/davecgh/go-spew v1.1.1/go.mod h1:J7Y8YcW2NihsgmVo/mv3lAwl/skON4iLHjSsI+c5H38=
github.com/machinebox/appify v0.0.0-20180512101119-15c1e09ce924 h1:uXvs2WoTfOUZuGu+qJUUZWb5UxBU59DLlZhZBxNgBFs=
github.com/machinebox/appify v0.0.0-20180512101119-15c1e09ce924/go.mod h1:sqsRpT+VgEXox31qA9IQ9sEO8VQ/q7v7Y9WFxWkQTF0=
github.com/mitchellh/go-homedir v1.0.0 h1:vKb8ShqSby24Yrqr/yDYkuFz8d0WUjys40rvnGC8aR0=
github.com/mitchellh/go-homedir v1.0.0/go.mod h1:SfyaCUpYCn1Vlf4IUYiD9fPX4A5wJrkLzIz1N1q0pr0=
github.com/namsral/flag v1.7.4-pre h1:b2ScHhoCUkbsq0d2C15Mv+VU8bl8hAXV8arnWiOHNZs=
github.com/namsral/flag v1.7.4-pre/go.mod h1:OXldTctbM6SWH1K899kPZcf65KxJiD7MsceFUpB5yDo=
github.com/nfnt/resize v0.0.0-20180221191011-83c6a9932646 h1:zYyBkD/k9seD2A7fsi6Oo2LfFZAehjjQMERAvZLEDnQ=
github.com/nfnt/resize v0.0.0-20180221191011-83c6a9932646/go.mod h1:jpp1/29i3P1S/RLdc7JQKbRpFeM1dOBd8T9ki5s+AY8=
github.com/pkg/errors v0.8.0 h1:WdK/asTD0HN+q6hsWO3/vpuAkAr+tw6aNJNDFFf0+qw=
github.com/pkg/errors v0.8.0/go.mod h1:bwawxfHBFNV+L2hUp1rHADufV3IMtnDRdf1r5NINEl0=
github.com/pmezard/go-difflib v1.0.0/go.mod h1:iKH77koFhYxTK1pcRnkKkqfTogsbg7gZNVY4sRDYZ/4=
github.com/prologic/go-gopher v0.0.0-20181230133552-0c68ed5f58b0 h1:10LO/S8HVjIuEHsHea//Cena1Ztgy23f/e8HFC0w5ow=
github.com/prologic/go-gopher v0.0.0-20181230133552-0c68ed5f58b0/go.mod h1:LiuwIXz4es4YIUOD6yRv8mES9n9dFbe4z0+TcrLkhXg=
github.com/prologic/gopherproxy v0.0.2 h1:e/vBTkz1TBBIAnD3vFad4y3LItPp3WtTdQ1UjiMTH0w=
github.com/prologic/gopherproxy v0.0.2/go.mod h1:k3M+30qEwTkiplI/7Ac17cg3O3wqHLQ2qzO8ti0qpGQ=
github.com/prologic/gopherproxy v0.0.3-0.20181231132417-57877cbafa1a h1:ya14rRLFMBq2+OP3drBaiy5i0fTF7mdEa9KRuk7FxOc=
github.com/prologic/gopherproxy v0.0.3-0.20181231132417-57877cbafa1a/go.mod h1:BzXdsMhhaFIJYgsuS52kwbTsIeJT8oZJU6yxYhfi2yc=
github.com/stretchr/testify v1.2.2/go.mod h1:a8OnRcib4nhh0OaRAV+Yts87kKdq0PP7pXfy6kDkUVs=
github.com/temoto/robotstxt v0.0.0-20180810133444-97ee4a9ee6ea h1:hH8P1IiDpzRU6ZDbDh/RDnVuezi2oOXJpApa06M0zyI=
github.com/temoto/robotstxt v0.0.0-20180810133444-97ee4a9ee6ea/go.mod h1:aOux3gHPCftJ3KHq6Pz/AlDjYJ7Y+yKfm1gU/3B0u04=
github.com/zserge/webview v0.0.0-20181018084947-f390a2df9ec5 h1:1zYVGLwZR4gPRQdEiOBf9s63ZHGfCkQ/p99d1zHuZBQ=
github.com/zserge/webview v0.0.0-20181018084947-f390a2df9ec5/go.mod h1:a1CV8KR4Dd1eP2g+mEijGOp+HKczwdKHWyx0aPHKvo4=
golang.org/x/net v0.0.0-20181220203305-927f97764cc3 h1:eH6Eip3UpmR+yM/qI9Ijluzb1bNv/cAU/n+6l8tRSis=
golang.org/x/net v0.0.0-20181220203305-927f97764cc3/go.mod h1:mL1N/T3taQHkDXs73rZJwtUhF3w3ftmwwsq0BUmARs4=
